
Microsoft Visual Studio Solution File, Format Version 12.00
# Visual Studio 2013
VisualStudioVersion = 12.0.31101.0
MinimumVisualStudioVersion = 10.0.40219.1
Project("{FAE04EC0-301F-11D3-BF4B-00C04F79EFBC}") = "ChrisTools", "ChrisTools\ChrisTools.csproj", "{000CFCBC-D615-4E00-A211-601ACB350D3C}"
EndProject
Project("{FAE04EC0-301F-11D3-BF4B-00C04F79EFBC}") = "MyBtTrans", "MyBtTrans\MyBtTrans.csproj", "{4FB341C5-FF19-43CB-9C75-D64B6C5AB5F8}"
EndProject
Project("{FAE04EC0-301F-11D3-BF4B-00C04F79EFBC}") = "CheckOver4gFile", "CheckOver4gFile\CheckOver4gFile.csproj", "{A310DAF3-3384-4844-9C78-28906485C09A}"
EndProject
Project("{FAE04EC0-301F-11D3-BF4B-00C04F79EFBC}") = "BlackHoleSupport", "BlackHoleSupport\BlackHoleSupport.csproj", "{F923A1C0-2683-4853-9873-6810E95F4C52}"
EndProject
Global
	GlobalSection(SolutionConfigurationPlatforms) = preSolution
		Debug|Any CPU = Debug|Any CPU
		Release|Any CPU = Release|Any CPU
	EndGlobalSection
	GlobalSection(ProjectConfigurationPlatforms) = postSolution
		{000CFCBC-D615-4E00-A211-601ACB350D3C}.Debug|Any CPU.ActiveCfg = Debug|Any CPU
		{000CFCBC-D615-4E00-A211-601ACB350D3C}.Debug|Any CPU.Build.0 = Debug|Any CPU
		{000CFCBC-D615-4E00-A211-601ACB350D3C}.Release|Any CPU.ActiveCfg = Release|Any CPU
		{000CFCBC-D615-4E00-A211-601ACB350D3C}.Release|Any CPU.Build.0 = Release|Any CPU
		{4FB341C5-FF19-43CB-9C75-D64B6C5AB5F8}.Debug|Any CPU.ActiveCfg = Debug|Any CPU
		{4FB341C5-FF19-43CB-9C75-D64B6C5AB5F8}.Debug|Any CPU.Build.0 = Debug|Any CPU
		{4FB341C5-FF19-43CB-9C75-D64B6C5AB5F8}.Release|Any CPU.ActiveCfg = Release|Any CPU
		{4FB341C5-FF19-43CB-9C75-D64B6C5AB5F8}.Release|Any CPU.Build.0 = Release|Any CPU
		{A310DAF3-3384-4844-9C78-28906485C09A}.Debug|Any CPU.ActiveCfg = Debug|Any CPU
		{A310DAF3-3384-4844-9C78-28906485C09A}.Debug|Any CPU.Build.0 = Debug|Any CPU
		{A310DAF3-3384-4844-9C78-28906485C09A}.Release|Any CPU.ActiveCfg = Release|Any CPU
		{A310DAF3-3384-4844-9C78-28906485C09A}.Release|Any CPU.Build.0 = Release|Any CPU
		{F923A1C0-2683-4853-9873-6810E95F4C52}.Debug|Any CPU.ActiveCfg = Debug|Any CPU
		{F923A1C0-2683-4853-9873-6810E95F4C52}.Debug|Any CPU.Build.0 = Debug|Any CPU
		{F923A1C0-2683-4853-9873-6810E95F4C52}.Release|Any CPU.ActiveCfg = Release|Any CPU
		{F923A1C0-2683-4853-9873-6810E95F4C52}.Release|Any CPU.Build.0 = Release|Any CPU
	EndGlobalSection
	GlobalSection(SolutionProperties) = preSolution
		HideSolutionNode = FALSE
	EndGlobalSection
EndGlobal
